// !$*UTF8*$!
{
	archiveVersion = 1;
	classes = {
	};
	objectVersion = 50;
	objects = {

/* Begin PBXBuildFile section */
		AF98C15824A4686E005542C1 /* AppDelegate.swift in Sources */ = {isa = PBXBuildFile; fileRef = AF98C15724A4686E005542C1 /* AppDelegate.swift */; };
		AF98C15A24A4686E005542C1 /* SceneDelegate.swift in Sources */ = {isa = PBXBuildFile; fileRef = AF98C15924A4686E005542C1 /* SceneDelegate.swift */; };
		AF98C15C24A4686E005542C1 /* ViewController.swift in Sources */ = {isa = PBXBuildFile; fileRef = AF98C15B24A4686E005542C1 /* ViewController.swift */; };
		AF98C15F24A4686E005542C1 /* Main.storyboard in Resources */ = {isa = PBXBuildFile; fileRef = AF98C15D24A4686E005542C1 /* Main.storyboard */; };
		AF98C16124A46872005542C1 /* Assets.xcassets in Resources */ = {isa = PBXBuildFile; fileRef = AF98C16024A46872005542C1 /* Assets.xcassets */; };
		AF98C16424A46872005542C1 /* LaunchScreen.storyboard in Resources */ = {isa = PBXBuildFile; fileRef = AF98C16224A46872005542C1 /* LaunchScreen.storyboard */; };
/* End PBXBuildFile section */

/* Begin PBXFileReference section */
		AF98C15424A4686E005542C1 /* DonCarlos.app */ = {isa = PBXFileReference; explicitFileType = wrapper.application; includeInIndex = 0; path = DonCarlos.app; sourceTree = BUILT_PRODUCTS_DIR; };
		AF98C15724A4686E005542C1 /* AppDelegate.swift */ = {isa = PBXFileReference; lastKnownFileType = sourcecode.swift; path = AppDelegate.swift; sourceTree = "<group>"; };
		AF98C15924A4686E005542C1 /* SceneDelegate.swift */ = {isa = PBXFileReference; lastKnownFileType = sourcecode.swift; path = SceneDelegate.swift; sourceTree = "<group>"; };
		AF98C15B24A4686E005542C1 /* ViewController.swift */ = {isa = PBXFileReference; lastKnownFileType = sourcecode.swift; path = ViewController.swift; sourceTree = "<group>"; };
		AF98C15E24A4686E005542C1 /* Base */ = {isa = PBXFileReference; lastKnownFileType = file.storyboard; name = Base; path = Base.lproj/Main.storyboard; sourceTree = "<group>"; };
		AF98C16024A46872005542C1 /* Assets.xcassets */ = {isa = PBXFileReference; lastKnownFileType = folder.assetcatalog; path = Assets.xcassets; sourceTree = "<group>"; };
		AF98C16324A46872005542C1 /* Base */ = {isa = PBXFileReference; lastKnownFileType = file.storyboard; name = Base; path = Base.lproj/LaunchScreen.storyboard; sourceTree = "<group>"; };
		AF98C16524A46872005542C1 /* Info.plist */ = {isa = PBXFileReference; lastKnownFileType = text.plist.xml; path = Info.plist; sourceTree = "<group>"; };
/* End PBXFileReference section */

/* Begin PBXFrameworksBuildPhase section */
		AF98C15124A4686E005542C1 /* Frameworks */ = {
			isa = PBXFrameworksBuildPhase;
			buildActionMask = 2147483647;
			files = (
			);
			runOnlyForDeploymentPostprocessing = 0;
		};
/* End PBXFrameworksBuildPhase section */

/* Begin PBXGroup section */
		AF98C14B24A4686E005542C1 = {
			isa = PBXGroup;
			children = (
				AF98C15624A4686E005542C1 /* DonCarlos */,
				AF98C15524A4686E005542C1 /* Products */,
			);
			sourceTree = "<group>";
		};
		AF98C15524A4686E005542C1 /* Products */ = {
			isa = PBXGroup;
			children = (
				AF98C15424A4686E005542C1 /* DonCarlos.app */,
			);
			name = Products;
			sourceTree = "<group>";
		};
		AF98C15624A4686E005542C1 /* DonCarlos */ = {
			isa = PBXGroup;
			children = (
				AF98C15724A4686E005542C1 /* AppDelegate.swift */,
				AF98C15924A4686E005542C1 /* SceneDelegate.swift */,
				AF98C15B24A4686E005542C1 /* ViewController.swift */,
				AF98C15D24A4686E005542C1 /* Main.storyboard */,
				AF98C16024A46872005542C1 /* Assets.xcassets */,
				AF98C16224A46872005542C1 /* LaunchScreen.storyboard */,
				AF98C16524A46872005542C1 /* Info.plist */,
			);
			path = DonCarlos;
			sourceTree = "<group>";
		};
/* End PBXGroup section */

/* Begin PBXNativeTarget section */
		AF98C15324A4686E005542C1 /* DonCarlos */ = {
			isa = PBXNativeTarget;
			buildConfigurationList = AF98C16824A46872005542C1 /* Build configuration list for PBXNativeTarget "DonCarlos" */;
			buildPhases = (
				AF98C15024A4686E005542C1 /* Sources */,
				AF98C15124A4686E005542C1 /* Frameworks */,
				AF98C15224A4686E005542C1 /* Resources */,
			);
			buildRules = (
			);
			dependencies = (
			);
			name = DonCarlos;
			productName = DonCarlos;
			productReference = AF98C15424A4686E005542C1 /* DonCarlos.app */;
			productType = "com.apple.product-type.application";
		};
/* End PBXNativeTarget section */

/* Begin PBXProject section */
		AF98C14C24A4686E005542C1 /* Project object */ = {
			isa = PBXProject;
			attributes = {
				LastSwiftUpdateCheck = 1150;
				LastUpgradeCheck = 1150;
				ORGANIZATIONNAME = Pignusg;
				TargetAttributes = {
					AF98C15324A4686E005542C1 = {
						CreatedOnToolsVersion = 11.5;
					};
				};
			};
			buildConfigurationList = AF98C14F24A4686E005542C1 /* Build configuration list for PBXProject "DonCarlos" */;
			compatibilityVersion = "Xcode 9.3";
			developmentRegion = en;
			hasScannedForEncodings = 0;
			knownRegions = (
				en,
				Base,
			);
			mainGroup = AF98C14B24A4686E005542C1;
			productRefGroup = AF98C15524A4686E005542C1 /* Products */;
			projectDirPath = "";
			projectRoot = "";
			targets = (
				AF98C15324A4686E005542C1 /* DonCarlos */,
			);
		};
/* End PBXProject section */

/* Begin PBXResourcesBuildPhase section */
		AF98C15224A4686E005542C1 /* Resources */ = {
			isa = PBXResourcesBuildPhase;
			buildActionMask = 2147483647;
			files = (
				AF98C16424A46872005542C1 /* LaunchScreen.storyboard in Resources */,
				AF98C16124A46872005542C1 /* Assets.xcassets in Resources */,
				AF98C15F24A4686E005542C1 /* Main.storyboard in Resources */,
			);
			runOnlyForDeploymentPostprocessing = 0;
		};
/* End PBXResourcesBuildPhase section */

/* Begin PBXSourcesBuildPhase section */
		AF98C15024A4686E005542C1 /* Sources */ = {
			isa = PBXSourcesBuildPhase;
			buildActionMask = 2147483647;
			files = (
				AF98C15C24A4686E005542C1 /* ViewController.swift in Sources */,
				AF98C15824A4686E005542C1 /* AppDelegate.swift in Sources */,
				AF98C15A24A4686E005542C1 /* SceneDelegate.swift in Sources */,
			);
			runOnlyForDeploymentPostprocessing = 0;
		};
/* End PBXSourcesBuildPhase section */

/* Begin PBXVariantGroup section */
		AF98C15D24A4686E005542C1 /* Main.storyboard */ = {
			isa = PBXVariantGroup;
			children = (
				AF98C15E24A4686E005542C1 /* Base */,
			);
			name = Main.storyboard;
			sourceTree = "<group>";
		};
		AF98C16224A46872005542C1 /* LaunchScreen.storyboard */ = {
			isa = PBXVariantGroup;
			children = (
				AF98C16324A46872005542C1 /* Base */,
			);
			name = LaunchScreen.storyboard;
			sourceTree = "<group>";
		};
/* End PBXVariantGroup section */

/* Begin XCBuildConfiguration section */
		AF98C16624A46872005542C1 /* Debug */ = {
			isa = XCBuildConfiguration;
			buildSettings = {
				ALWAYS_SEARCH_USER_PATHS = NO;
				CLANG_ANALYZER_NONNULL = YES;
				CLANG_ANALYZER_NUMBER_OBJECT_CONVERSION = YES_AGGRESSIVE;
				CLANG_CXX_LANGUAGE_STANDARD = "gnu++14";
				CLANG_CXX_LIBRARY = "libc++";
				CLANG_ENABLE_MODULES = YES;
				CLANG_ENABLE_OBJC_ARC = YES;
				CLANG_ENABLE_OBJC_WEAK = YES;
				CLANG_WARN_BLOCK_CAPTURE_AUTORELEASING = YES;
				CLANG_WARN_BOOL_CONVERSION = YES;
				CLANG_WARN_COMMA = YES;
				CLANG_WARN_CONSTANT_CONVERSION = YES;
				CLANG_WARN_DEPRECATED_OBJC_IMPLEMENTATIONS = YES;
				CLANG_WARN_DIRECT_OBJC_ISA_USAGE = YES_ERROR;
				CLANG_WARN_DOCUMENTATION_COMMENTS = YES;
				CLANG_WARN_EMPTY_BODY = YES;
				CLANG_WARN_ENUM_CONVERSION = YES;
				CLANG_WARN_INFINITE_RECURSION = YES;
				CLANG_WARN_INT_CONVERSION = YES;
				CLANG_WARN_NON_LITERAL_NULL_CONVERSION = YES;
				CLANG_WARN_OBJC_IMPLICIT_RETAIN_SELF = YES;
				CLANG_WARN_OBJC_LITERAL_CONVERSION = YES;
				CLANG_WARN_OBJC_ROOT_CLASS = YES_ERROR;
				CLANG_WARN_RANGE_LOOP_ANALYSIS = YES;
				CLANG_WARN_STRICT_PROTOTYPES = YES;
				CLANG_WARN_SUSPICIOUS_MOVE = YES;
				CLANG_WARN_UNGUARDED_AVAILABILITY = YES_AGGRESSIVE;
				CLANG_WARN_UNREACHABLE_CODE = YES;
				CLANG_WARN__DUPLICATE_METHOD_MATCH = YES;
				COPY_PHASE_STRIP = NO;
				DEBUG_INFORMATION_FORMAT = dwarf;
				ENABLE_STRICT_OBJC_MSGSEND = YES;
				ENABLE_TESTABILITY = YES;
				GCC_C_LANGUAGE_STANDARD = gnu11;
				GCC_DYNAMIC_NO_PIC = NO;
				GCC_NO_COMMON_BLOCKS = YES;
				GCC_OPTIMIZATION_LEVEL = 0;
				GCC_PREPROCESSOR_DEFINITIONS = (
					"DEBUG=1",
					"$(inherited)",
				);
				GCC_WARN_64_TO_32_BIT_CONVERSION = YES;
				GCC_WARN_ABOUT_RETURN_TYPE = YES_ERROR;
				GCC_WARN_UNDECLARED_SELECTOR = YES;
				GCC_WARN_UNINITIALIZED_AUTOS = YES_AGGRESSIVE;
				GCC_WARN_UNUSED_FUNCTION = YES;
				GCC_WARN_UNUSED_VARIABLE = YES;
				IPHONEOS_DEPLOYMENT_TARGET = 13.5;
				MTL_ENABLE_DEBUG_INFO = INCLUDE_SOURCE;
				MTL_FAST_MATH = YES;
				ONLY_ACTIVE_ARCH = YES;
				SDKROOT = iphoneos;
				SWIFT_ACTIVE_COMPILATION_CONDITIONS = DEBUG;
				SWIFT_OPTIMIZATION_LEVEL = "-Onone";
			};
			name = Debug;
		};
		AF98C16724A46872005542C1 /* Release */ = {
			isa = XCBuildConfiguration;
			buildSettings = {
				ALWAYS_SEARCH_USER_PATHS = NO;
				CLANG_ANALYZER_NONNULL = YES;
				CLANG_ANALYZER_NUMBER_OBJECT_CONVERSION = YES_AGGRESSIVE;
				CLANG_CXX_LANGUAGE_STANDARD = "gnu++14";
				CLANG_CXX_LIBRARY = "libc++";
				CLANG_ENABLE_MODULES = YES;
				CLANG_ENABLE_OBJC_ARC = YES;
				CLANG_ENABLE_OBJC_WEAK = YES;
				CLANG_WARN_BLOCK_CAPTURE_AUTORELEASING = YES;
				CLANG_WARN_BOOL_CONVERSION = YES;
				CLANG_WARN_COMMA = YES;
				CLANG_WARN_CONSTANT_CONVERSION = YES;
				CLANG_WARN_DEPRECATED_OBJC_IMPLEMENTATIONS = YES;
				CLANG_WARN_DIRECT_OBJC_ISA_USAGE = YES_ERROR;
				CLANG_WARN_DOCUMENTATION_COMMENTS = YES;
				CLANG_WARN_EMPTY_BODY = YES;
				CLANG_WARN_ENUM_CONVERSION = YES;
				CLANG_WARN_INFINITE_RECURSION = YES;
				CLANG_WARN_INT_CONVERSION = YES;
				CLANG_WARN_NON_LITERAL_NULL_CONVERSION = YES;
				CLANG_WARN_OBJC_IMPLICIT_RETAIN_SELF = YES;
				CLANG_WARN_OBJC_LITERAL_CONVERSION = YES;
				CLANG_WARN_OBJC_ROOT_CLASS = YES_ERROR;
				CLANG_WARN_RANGE_LOOP_ANALYSIS = YES;
				CLANG_WARN_STRICT_PROTOTYPES = YES;
				CLANG_WARN_SUSPICIOUS_MOVE = YES;
				CLANG_WARN_UNGUARDED_AVAILABILITY = YES_AGGRESSIVE;
				CLANG_WARN_UNREACHABLE_CODE = YES;
				CLANG_WARN__DUPLICATE_METHOD_MATCH = YES;
				COPY_PHASE_STRIP = NO;
				DEBUG_INFORMATION_FORMAT = "dwarf-with-dsym";
				ENABLE_NS_ASSERTIONS = NO;
				ENABLE_STRICT_OBJC_MSGSEND = YES;
				GCC_C_LANGUAGE_STANDARD = gnu11;
				GCC_NO_COMMON_BLOCKS = YES;
				GCC_WARN_64_TO_32_BIT_CONVERSION = YES;
				GCC_WARN_ABOUT_RETURN_TYPE = YES_ERROR;
				GCC_WARN_UNDECLARED_SELECTOR = YES;
				GCC_WARN_UNINITIALIZED_AUTOS = YES_AGGRESSIVE;
				GCC_WARN_UNUSED_FUNCTION = YES;
				GCC_WARN_UNUSED_VARIABLE = YES;
				IPHONEOS_DEPLOYMENT_TARGET = 13.5;
				MTL_ENABLE_DEBUG_INFO = NO;
				MTL_FAST_MATH = YES;
				SDKROOT = iphoneos;
				SWIFT_COMPILATION_MODE = wholemodule;
				SWIFT_OPTIMIZATION_LEVEL = "-O";
				VALIDATE_PRODUCT = YES;
			};
			name = Release;
		};
		AF98C16924A46872005542C1 /* Debug */ = {
			isa = XCBuildConfiguration;
			buildSettings = {
				ASSETCATALOG_COMPILER_APPICON_NAME = AppIcon;
				CODE_SIGN_STYLE = Automatic;
				DEVELOPMENT_TEAM = 4B2V22Z26K;
				INFOPLIST_FILE = DonCarlos/Info.plist;
				LD_RUNPATH_SEARCH_PATHS = (
					"$(inherited)",
					"@executable_path/Frameworks",
				);
				PRODUCT_BUNDLE_IDENTIFIER = pignus.DonCarlos;
				PRODUCT_NAME = "$(TARGET_NAME)";
				SWIFT_VERSION = 5.0;
				TARGETED_DEVICE_FAMILY = "1,2";
			};
			name = Debug;
		};
		AF98C16A24A46872005542C1 /* Release */ = {
			isa = XCBuildConfiguration;
			buildSettings = {
				ASSETCATALOG_COMPILER_APPICON_NAME = AppIcon;
				CODE_SIGN_STYLE = Automatic;
				DEVELOPMENT_TEAM = 4B2V22Z26K;
				INFOPLIST_FILE = DonCarlos/Info.plist;
				LD_RUNPATH_SEARCH_PATHS = (
					"$(inherited)",
					"@executable_path/Frameworks",
				);
				PRODUCT_BUNDLE_IDENTIFIER = pignus.DonCarlos;
				PRODUCT_NAME = "$(TARGET_NAME)";
				SWIFT_VERSION = 5.0;
				TARGETED_DEVICE_FAMILY = "1,2";
			};
			name = Release;
		};
/* End XCBuildConfiguration section */

/* Begin XCConfigurationList section */
		AF98C14F24A4686E005542C1 /* Build configuration list for PBXProject "DonCarlos" */ = {
			isa = XCConfigurationList;
			buildConfigurations = (
				AF98C16624A46872005542C1 /* Debug */,
				AF98C16724A46872005542C1 /* Release */,
			);
			defaultConfigurationIsVisible = 0;
			defaultConfigurationName = Release;
		};
		AF98C16824A46872005542C1 /* Build configuration list for PBXNativeTarget "DonCarlos" */ = {
			isa = XCConfigurationList;
			buildConfigurations = (
				AF98C16924A46872005542C1 /* Debug */,
				AF98C16A24A46872005542C1 /* Release */,
			);
			defaultConfigurationIsVisible = 0;
			defaultConfigurationName = Release;
		};
/* End XCConfigurationList section */
	};
	rootObject = AF98C14C24A4686E005542C1 /* Project object */;
}
